
Microsoft Visual Studio Solution File, Format Version 12.00
# Visual Studio 15
VisualStudioVersion = 15.0.27703.2042
MinimumVisualStudioVersion = 10.0.40219.1
Project("{FAE04EC0-301F-11D3-BF4B-00C04F79EFBC}") = "ChangeTrackingEF", "ChangeTrackingEF\ChangeTrackingEF.csproj", "{406514BE-AF0F-4911-95DD-A1691F0162CD}"
EndProject
Global
	GlobalSection(SolutionConfigurationPlatforms) = preSolution
		Debug|Any CPU = Debug|Any CPU
		Release|Any CPU = Release|Any CPU
	EndGlobalSection
	GlobalSection(ProjectConfigurationPlatforms) = postSolution
		{406514BE-AF0F-4911-95DD-A1691F0162CD}.Debug|Any CPU.ActiveCfg = Debug|Any CPU
		{406514BE-AF0F-4911-95DD-A1691F0162CD}.Debug|Any CPU.Build.0 = Debug|Any CPU
		{406514BE-AF0F-4911-95DD-A1691F0162CD}.Release|Any CPU.ActiveCfg = Release|Any CPU
		{406514BE-AF0F-4911-95DD-A1691F0162CD}.Release|Any CPU.Build.0 = Release|Any CPU
	EndGlobalSection
	GlobalSection(SolutionProperties) = preSolution
		HideSolutionNode = FALSE
	EndGlobalSection
	GlobalSection(ExtensibilityGlobals) = postSolution
		SolutionGuid = {B68AFFEB-B633-47C6-A607-1A55F85E94F5}
	EndGlobalSection
EndGlobal
